
Microsoft Visual Studio Solution File, Format Version 12.00
# Visual Studio 2013
Project("{FAE04EC0-301F-11D3-BF4B-00C04F79EFBC}") = "UnityVS.space-trails.CSharp", "UnityVS.space-trails.CSharp.csproj", "{05DB6CDC-3656-CEF8-9545-0C637E469C1B}"
EndProject
Project("{FAE04EC0-301F-11D3-BF4B-00C04F79EFBC}") = "UnityVS.space-trails.CSharp.Editor", "UnityVS.space-trails.CSharp.Editor.csproj", "{D5061B33-F8ED-A11A-9BC9-EE5CF9BDE10B}"
EndProject
Global
	GlobalSection(SolutionConfigurationPlatforms) = preSolution
		Debug|Any CPU = Debug|Any CPU
		Release|Any CPU = Release|Any CPU
	EndGlobalSection
	GlobalSection(ProjectConfigurationPlatforms) = postSolution
		{05DB6CDC-3656-CEF8-9545-0C637E469C1B}.Debug|Any CPU.ActiveCfg = Debug|Any CPU
		{05DB6CDC-3656-CEF8-9545-0C637E469C1B}.Debug|Any CPU.Build.0 = Debug|Any CPU
		{05DB6CDC-3656-CEF8-9545-0C637E469C1B}.Release|Any CPU.ActiveCfg = Release|Any CPU
		{05DB6CDC-3656-CEF8-9545-0C637E469C1B}.Release|Any CPU.Build.0 = Release|Any CPU
		{D5061B33-F8ED-A11A-9BC9-EE5CF9BDE10B}.Debug|Any CPU.ActiveCfg = Debug|Any CPU
		{D5061B33-F8ED-A11A-9BC9-EE5CF9BDE10B}.Debug|Any CPU.Build.0 = Debug|Any CPU
		{D5061B33-F8ED-A11A-9BC9-EE5CF9BDE10B}.Release|Any CPU.ActiveCfg = Release|Any CPU
		{D5061B33-F8ED-A11A-9BC9-EE5CF9BDE10B}.Release|Any CPU.Build.0 = Release|Any CPU
	EndGlobalSection
	GlobalSection(SolutionProperties) = preSolution
		HideSolutionNode = FALSE
	EndGlobalSection
EndGlobal
